version = 1
requires-python = ">=3.12"

[[package]]
name = "freecaptcha"
version = "0.1.0"
source = { editable = "." }
dependencies = [
    { name = "yarl" },
]

[package.metadata]
requires-dist = [{ name = "yarl", specifier = ">=1.18.3" }]

[[package]]
name = "idna"
version = "3.10"
source = { registry = "https://pypi.org/simple" }
sdist = { url = "https://files.pythonhosted.org/packages/f1/70/7703c29685631f5a7590aa73f1f1d3fa9a380e654b86af429e0934a32f7d/idna-3.10.tar.gz", hash = "sha256:12f65c9b470abda6dc35cf8e63cc574b1c52b11df2c86030af0ac09b01b13ea9", size = 190490 }
wheels = [
    { url = "https://files.pythonhosted.org/packages/76/c6/c88e154df9c4e1a2a66ccf0005a88dfb2650c1dffb6f5ce603dfbd452ce3/idna-3.10-py3-none-any.whl", hash = "sha256:946d195a0d259cbba61165e88e65941f16e9b36ea6ddb97f00452bae8b1287d3", size = 70442 },
]

[[package]]
name = "multidict"
version = "6.2.0"
source = { registry = "https://pypi.org/simple" }
sdist = { url = "https://files.pythonhosted.org/packages/82/4a/7874ca44a1c9b23796c767dd94159f6c17e31c0e7d090552a1c623247d82/multidict-6.2.0.tar.gz", hash = "sha256:0085b0afb2446e57050140240a8595846ed64d1cbd26cef936bfab3192c673b8", size = 71066 }
wheels = [
    { url = "https://files.pythonhosted.org/packages/a4/e2/0153a8db878aef9b2397be81e62cbc3b32ca9b94e0f700b103027db9d506/multidict-6.2.0-cp312-cp312-macosx_10_13_universal2.whl", hash = "sha256:437c33561edb6eb504b5a30203daf81d4a9b727e167e78b0854d9a4e18e8950b", size = 49204 },
    { url = "https://files.pythonhosted.org/packages/bb/9d/5ccb3224a976d1286f360bb4e89e67b7cdfb87336257fc99be3c17f565d7/multidict-6.2.0-cp312-cp312-macosx_10_13_x86_64.whl", hash = "sha256:9f49585f4abadd2283034fc605961f40c638635bc60f5162276fec075f2e37a4", size = 29807 },
    { url = "https://files.pythonhosted.org/packages/62/32/ef20037f51b84b074a89bab5af46d4565381c3f825fc7cbfc19c1ee156be/multidict-6.2.0-cp312-cp312-macosx_11_0_arm64.whl", hash = "sha256:5dd7106d064d05896ce28c97da3f46caa442fe5a43bc26dfb258e90853b39b44", size = 30000 },
    { url = "https://files.pythonhosted.org/packages/97/81/b0a7560bfc3ec72606232cd7e60159e09b9cf29e66014d770c1315868fa2/multidict-6.2.0-cp312-cp312-manylinux_2_17_aarch64.manylinux2014_aarch64.whl", hash = "sha256:e25b11a0417475f093d0f0809a149aff3943c2c56da50fdf2c3c88d57fe3dfbd", size = 131820 },
    { url = "https://files.pythonhosted.org/packages/49/3b/768bfc0e41179fbccd3a22925329a11755b7fdd53bec66dbf6b8772f0bce/multidict-6.2.0-cp312-cp312-manylinux_2_17_ppc64le.manylinux2014_ppc64le.whl", hash = "sha256:ac380cacdd3b183338ba63a144a34e9044520a6fb30c58aa14077157a033c13e", size = 136272 },
    { url = "https://files.pythonhosted.org/packages/71/ac/fd2be3fe98ff54e7739448f771ba730d42036de0870737db9ae34bb8efe9/multidict-6.2.0-cp312-cp312-manylinux_2_17_s390x.manylinux2014_s390x.whl", hash = "sha256:61d5541f27533f803a941d3a3f8a3d10ed48c12cf918f557efcbf3cd04ef265c", size = 135233 },
    { url = "https://files.pythonhosted.org/packages/93/76/1657047da771315911a927b364a32dafce4135b79b64208ce4ac69525c56/multidict-6.2.0-cp312-cp312-manylinux_2_17_x86_64.manylinux2014_x86_64.whl", hash = "sha256:facaf11f21f3a4c51b62931feb13310e6fe3475f85e20d9c9fdce0d2ea561b87", size = 132861 },
    { url = "https://files.pythonhosted.org/packages/19/a5/9f07ffb9bf68b8aaa406c2abee27ad87e8b62a60551587b8e59ee91aea84/multidict-6.2.0-cp312-cp312-manylinux_2_5_i686.manylinux1_i686.manylinux_2_17_i686.manylinux2014_i686.whl", hash = "sha256:095a2eabe8c43041d3e6c2cb8287a257b5f1801c2d6ebd1dd877424f1e89cf29", size = 122166 },
    { url = "https://files.pythonhosted.org/packages/95/23/b5ce3318d9d6c8f105c3679510f9d7202980545aad8eb4426313bd8da3ee/multidict-6.2.0-cp312-cp312-musllinux_1_2_aarch64.whl", hash = "sha256:a0cc398350ef31167e03f3ca7c19313d4e40a662adcb98a88755e4e861170bdd", size = 136052 },
    { url = "https://files.pythonhosted.org/packages/ce/5c/02cffec58ffe120873dce520af593415b91cc324be0345f534ad3637da4e/multidict-6.2.0-cp312-cp312-musllinux_1_2_i686.whl", hash = "sha256:7c611345bbe7cb44aabb877cb94b63e86f2d0db03e382667dbd037866d44b4f8", size = 130094 },
    { url = "https://files.pythonhosted.org/packages/49/f3/3b19a83f4ebf53a3a2a0435f3e447aa227b242ba3fd96a92404b31fb3543/multidict-6.2.0-cp312-cp312-musllinux_1_2_ppc64le.whl", hash = "sha256:8cd1a0644ccaf27e9d2f6d9c9474faabee21f0578fe85225cc5af9a61e1653df", size = 140962 },
    { url = "https://files.pythonhosted.org/packages/cc/1a/c916b54fb53168c24cb6a3a0795fd99d0a59a0ea93fa9f6edeff5565cb20/multidict-6.2.0-cp312-cp312-musllinux_1_2_s390x.whl", hash = "sha256:89b3857652183b8206a891168af47bac10b970d275bba1f6ee46565a758c078d", size = 138082 },
    { url = "https://files.pythonhosted.org/packages/ef/1a/dcb7fb18f64b3727c61f432c1e1a0d52b3924016124e4bbc8a7d2e4fa57b/multidict-6.2.0-cp312-cp312-musllinux_1_2_x86_64.whl", hash = "sha256:125dd82b40f8c06d08d87b3510beaccb88afac94e9ed4a6f6c71362dc7dbb04b", size = 136019 },
    { url = "https://files.pythonhosted.org/packages/fb/02/7695485375106f5c542574f70e1968c391f86fa3efc9f1fd76aac0af7237/multidict-6.2.0-cp312-cp312-win32.whl", hash = "sha256:76b34c12b013d813e6cb325e6bd4f9c984db27758b16085926bbe7ceeaace626", size = 26676 },
    { url = "https://files.pythonhosted.org/packages/3c/f5/f147000fe1f4078160157b15b0790fff0513646b0f9b7404bf34007a9b44/multidict-6.2.0-cp312-cp312-win_amd64.whl", hash = "sha256:0b183a959fb88ad1be201de2c4bdf52fa8e46e6c185d76201286a97b6f5ee65c", size = 28899 },
    { url = "https://files.pythonhosted.org/packages/a4/6c/5df5590b1f9a821154589df62ceae247537b01ab26b0aa85997c35ca3d9e/multidict-6.2.0-cp313-cp313-macosx_10_13_universal2.whl", hash = "sha256:5c5e7d2e300d5cb3b2693b6d60d3e8c8e7dd4ebe27cd17c9cb57020cac0acb80", size = 49151 },
    { url = "https://files.pythonhosted.org/packages/d5/ca/c917fbf1be989cd7ea9caa6f87e9c33844ba8d5fbb29cd515d4d2833b84c/multidict-6.2.0-cp313-cp313-macosx_10_13_x86_64.whl", hash = "sha256:256d431fe4583c5f1e0f2e9c4d9c22f3a04ae96009b8cfa096da3a8723db0a16", size = 29803 },
    { url = "https://files.pythonhosted.org/packages/22/19/d97086fc96f73acf36d4dbe65c2c4175911969df49c4e94ef082be59d94e/multidict-6.2.0-cp313-cp313-macosx_11_0_arm64.whl", hash = "sha256:a3c0ff89fe40a152e77b191b83282c9664357dce3004032d42e68c514ceff27e", size = 29947 },
    { url = "https://files.pythonhosted.org/packages/e3/3b/203476b6e915c3f51616d5f87230c556e2f24b168c14818a3d8dae242b1b/multidict-6.2.0-cp313-cp313-manylinux_2_17_aarch64.manylinux2014_aarch64.whl", hash = "sha256:ef7d48207926edbf8b16b336f779c557dd8f5a33035a85db9c4b0febb0706817", size = 130369 },
    { url = "https://files.pythonhosted.org/packages/c6/4f/67470007cf03b2bb6df8ae6d716a8eeb0a7d19e0c8dba4e53fa338883bca/multidict-6.2.0-cp313-cp313-manylinux_2_17_ppc64le.manylinux2014_ppc64le.whl", hash = "sha256:1f3c099d3899b14e1ce52262eb82a5f5cb92157bb5106bf627b618c090a0eadc", size = 135231 },
    { url = "https://files.pythonhosted.org/packages/6d/f5/7a5ce64dc9a3fecc7d67d0b5cb9c262c67e0b660639e5742c13af63fd80f/multidict-6.2.0-cp313-cp313-manylinux_2_17_s390x.manylinux2014_s390x.whl", hash = "sha256:e16e7297f29a544f49340012d6fc08cf14de0ab361c9eb7529f6a57a30cbfda1", size = 133634 },
    { url = "https://files.pythonhosted.org/packages/05/93/ab2931907e318c0437a4cd156c9cfff317ffb33d99ebbfe2d64200a870f7/multidict-6.2.0-cp313-cp313-manylinux_2_17_x86_64.manylinux2014_x86_64.whl", hash = "sha256:042028348dc5a1f2be6c666437042a98a5d24cee50380f4c0902215e5ec41844", size = 131349 },
    { url = "https://files.pythonhosted.org/packages/54/aa/ab8eda83a6a85f5b4bb0b1c28e62b18129b14519ef2e0d4cfd5f360da73c/multidict-6.2.0-cp313-cp313-manylinux_2_5_i686.manylinux1_i686.manylinux_2_17_i686.manylinux2014_i686.whl", hash = "sha256:08549895e6a799bd551cf276f6e59820aa084f0f90665c0f03dd3a50db5d3c48", size = 120861 },
    { url = "https://files.pythonhosted.org/packages/15/2f/7d08ea7c5d9f45786893b4848fad59ec8ea567367d4234691a721e4049a1/multidict-6.2.0-cp313-cp313-musllinux_1_2_aarch64.whl", hash = "sha256:4ccfd74957ef53fa7380aaa1c961f523d582cd5e85a620880ffabd407f8202c0", size = 134611 },
    { url = "https://files.pythonhosted.org/packages/8b/07/387047bb1eac563981d397a7f85c75b306df1fff3c20b90da5a6cf6e487e/multidict-6.2.0-cp313-cp313-musllinux_1_2_i686.whl", hash = "sha256:83b78c680d4b15d33042d330c2fa31813ca3974197bddb3836a5c635a5fd013f", size = 128955 },
    { url = "https://files.pythonhosted.org/packages/8d/6e/7ae18f764a5282c2d682f1c90c6b2a0f6490327730170139a7a63bf3bb20/multidict-6.2.0-cp313-cp313-musllinux_1_2_ppc64le.whl", hash = "sha256:b4c153863dd6569f6511845922c53e39c8d61f6e81f228ad5443e690fca403de", size = 139759 },
    { url = "https://files.pythonhosted.org/packages/b6/f4/c1b3b087b9379b9e56229bcf6570b9a963975c205a5811ac717284890598/multidict-6.2.0-cp313-cp313-musllinux_1_2_s390x.whl", hash = "sha256:98aa8325c7f47183b45588af9c434533196e241be0a4e4ae2190b06d17675c02", size = 136426 },
    { url = "https://files.pythonhosted.org/packages/a2/0e/ef7b39b161ffd40f9e25dd62e59644b2ccaa814c64e9573f9bc721578419/multidict-6.2.0-cp313-cp313-musllinux_1_2_x86_64.whl", hash = "sha256:9e658d1373c424457ddf6d55ec1db93c280b8579276bebd1f72f113072df8a5d", size = 134648 },
    { url = "https://files.pythonhosted.org/packages/37/5c/7905acd0ca411c97bcae62ab167d9922f0c5a1d316b6d3af875d4bda3551/multidict-6.2.0-cp313-cp313-win32.whl", hash = "sha256:3157126b028c074951839233647bd0e30df77ef1fedd801b48bdcad242a60f4e", size = 26680 },
    { url = "https://files.pythonhosted.org/packages/89/36/96b071d1dad6ac44fe517e4250329e753787bb7a63967ef44bb9b3a659f6/multidict-6.2.0-cp313-cp313-win_amd64.whl", hash = "sha256:2e87f1926e91855ae61769ba3e3f7315120788c099677e0842e697b0bfb659f2", size = 28942 },
    { url = "https://files.pythonhosted.org/packages/f5/05/d686cd2a12d648ecd434675ee8daa2901a80f477817e89ab3b160de5b398/multidict-6.2.0-cp313-cp313t-macosx_10_13_universal2.whl", hash = "sha256:2529ddbdaa424b2c6c2eb668ea684dd6b75b839d0ad4b21aad60c168269478d7", size = 50807 },
    { url = "https://files.pythonhosted.org/packages/4c/1f/c7db5aac8fea129fa4c5a119e3d279da48d769138ae9624d1234aa01a06f/multidict-6.2.0-cp313-cp313t-macosx_10_13_x86_64.whl", hash = "sha256:13551d0e2d7201f0959725a6a769b6f7b9019a168ed96006479c9ac33fe4096b", size = 30474 },
    { url = "https://files.pythonhosted.org/packages/e5/f1/1fb27514f4d73cea165429dcb7d90cdc4a45445865832caa0c50dd545420/multidict-6.2.0-cp313-cp313t-macosx_11_0_arm64.whl", hash = "sha256:d1996ee1330e245cd3aeda0887b4409e3930524c27642b046e4fae88ffa66c5e", size = 30841 },
    { url = "https://files.pythonhosted.org/packages/d6/6b/9487169e549a23c8958edbb332afaf1ab55d61f0c03cb758ee07ff8f74fb/multidict-6.2.0-cp313-cp313t-manylinux_2_17_aarch64.manylinux2014_aarch64.whl", hash = "sha256:c537da54ce4ff7c15e78ab1292e5799d0d43a2108e006578a57f531866f64025", size = 148658 },
    { url = "https://files.pythonhosted.org/packages/d7/22/79ebb2e4f70857c94999ce195db76886ae287b1b6102da73df24dcad4903/multidict-6.2.0-cp313-cp313t-manylinux_2_17_ppc64le.manylinux2014_ppc64le.whl", hash = "sha256:0f249badb360b0b4d694307ad40f811f83df4da8cef7b68e429e4eea939e49dd", size = 151988 },
    { url = "https://files.pythonhosted.org/packages/49/5d/63b17f3c1a2861587d26705923a94eb6b2600e5222d6b0d513bce5a78720/multidict-6.2.0-cp313-cp313t-manylinux_2_17_s390x.manylinux2014_s390x.whl", hash = "sha256:48d39b1824b8d6ea7de878ef6226efbe0773f9c64333e1125e0efcfdd18a24c7", size = 148432 },
    { url = "https://files.pythonhosted.org/packages/a3/22/55204eec45c4280fa431c11494ad64d6da0dc89af76282fc6467432360a0/multidict-6.2.0-cp313-cp313t-manylinux_2_17_x86_64.manylinux2014_x86_64.whl", hash = "sha256:b99aac6bb2c37db336fa03a39b40ed4ef2818bf2dfb9441458165ebe88b793af", size = 143161 },
    { url = "https://files.pythonhosted.org/packages/97/e6/202b2cf5af161228767acab8bc49e73a91f4a7de088c9c71f3c02950a030/multidict-6.2.0-cp313-cp313t-manylinux_2_5_i686.manylinux1_i686.manylinux_2_17_i686.manylinux2014_i686.whl", hash = "sha256:07bfa8bc649783e703263f783f73e27fef8cd37baaad4389816cf6a133141331", size = 136820 },
    { url = "https://files.pythonhosted.org/packages/7d/16/dbedae0e94c7edc48fddef0c39483f2313205d9bc566fd7f11777b168616/multidict-6.2.0-cp313-cp313t-musllinux_1_2_aarch64.whl", hash = "sha256:b2c00ad31fbc2cbac85d7d0fcf90853b2ca2e69d825a2d3f3edb842ef1544a2c", size = 150875 },
    { url = "https://files.pythonhosted.org/packages/f3/04/38ccf25d4bf8beef76a22bad7d9833fd088b4594c9765fe6fede39aa6c89/multidict-6.2.0-cp313-cp313t-musllinux_1_2_i686.whl", hash = "sha256:0d57a01a2a9fa00234aace434d8c131f0ac6e0ac6ef131eda5962d7e79edfb5b", size = 142050 },
    { url = "https://files.pythonhosted.org/packages/9e/89/4f6b43386e7b79a4aad560d751981a0a282a1943c312ac72f940d7cf8f9f/multidict-6.2.0-cp313-cp313t-musllinux_1_2_ppc64le.whl", hash = "sha256:abf5b17bc0cf626a8a497d89ac691308dbd825d2ac372aa990b1ca114e470151", size = 154117 },
    { url = "https://files.pythonhosted.org/packages/24/e3/3dde5b193f86d30ad6400bd50e116b0df1da3f0c7d419661e3bd79e5ad86/multidict-6.2.0-cp313-cp313t-musllinux_1_2_s390x.whl", hash = "sha256:f7716f7e7138252d88607228ce40be22660d6608d20fd365d596e7ca0738e019", size = 149408 },
    { url = "https://files.pythonhosted.org/packages/df/b2/ec1e27e8e3da12fcc9053e1eae2f6b50faa8708064d83ea25aa7fb77ffd2/multidict-6.2.0-cp313-cp313t-musllinux_1_2_x86_64.whl", hash = "sha256:d5a36953389f35f0a4e88dc796048829a2f467c9197265504593f0e420571547", size = 145767 },
    { url = "https://files.pythonhosted.org/packages/3a/8e/c07a648a9d592fa9f3a19d1c7e1c7738ba95aff90db967a5a09cff1e1f37/multidict-6.2.0-cp313-cp313t-win32.whl", hash = "sha256:e653d36b1bf48fa78c7fcebb5fa679342e025121ace8c87ab05c1cefd33b34fc", size = 28950 },
    { url = "https://files.pythonhosted.org/packages/dc/a9/bebb5485b94d7c09831638a4df9a1a924c32431a750723f0bf39cd16a787/multidict-6.2.0-cp313-cp313t-win_amd64.whl", hash = "sha256:ca23db5fb195b5ef4fd1f77ce26cadefdf13dba71dab14dadd29b34d457d7c44", size = 32001 },
    { url = "https://files.pythonhosted.org/packages/9c/fd/b247aec6add5601956d440488b7f23151d8343747e82c038af37b28d6098/multidict-6.2.0-py3-none-any.whl", hash = "sha256:5d26547423e5e71dcc562c4acdc134b900640a39abd9066d7326a7cc2324c530", size = 10266 },
]

[[package]]
name = "propcache"
version = "0.3.1"
source = { registry = "https://pypi.org/simple" }
sdist = { url = "https://files.pythonhosted.org/packages/07/c8/fdc6686a986feae3541ea23dcaa661bd93972d3940460646c6bb96e21c40/propcache-0.3.1.tar.gz", hash = "sha256:40d980c33765359098837527e18eddefc9a24cea5b45e078a7f3bb5b032c6ecf", size = 43651 }
wheels = [
    { url = "https://files.pythonhosted.org/packages/41/aa/ca78d9be314d1e15ff517b992bebbed3bdfef5b8919e85bf4940e57b6137/propcache-0.3.1-cp312-cp312-macosx_10_13_universal2.whl", hash = "sha256:f78eb8422acc93d7b69964012ad7048764bb45a54ba7a39bb9e146c72ea29723", size = 80430 },
    { url = "https://files.pythonhosted.org/packages/1a/d8/f0c17c44d1cda0ad1979af2e593ea290defdde9eaeb89b08abbe02a5e8e1/propcache-0.3.1-cp312-cp312-macosx_10_13_x86_64.whl", hash = "sha256:89498dd49c2f9a026ee057965cdf8192e5ae070ce7d7a7bd4b66a8e257d0c976", size = 46637 },
    { url = "https://files.pythonhosted.org/packages/ae/bd/c1e37265910752e6e5e8a4c1605d0129e5b7933c3dc3cf1b9b48ed83b364/propcache-0.3.1-cp312-cp312-macosx_11_0_arm64.whl", hash = "sha256:09400e98545c998d57d10035ff623266927cb784d13dd2b31fd33b8a5316b85b", size = 46123 },
    { url = "https://files.pythonhosted.org/packages/d4/b0/911eda0865f90c0c7e9f0415d40a5bf681204da5fd7ca089361a64c16b28/propcache-0.3.1-cp312-cp312-manylinux_2_17_aarch64.manylinux2014_aarch64.whl", hash = "sha256:aa8efd8c5adc5a2c9d3b952815ff8f7710cefdcaf5f2c36d26aff51aeca2f12f", size = 243031 },
    { url = "https://files.pythonhosted.org/packages/0a/06/0da53397c76a74271621807265b6eb61fb011451b1ddebf43213df763669/propcache-0.3.1-cp312-cp312-manylinux_2_17_ppc64le.manylinux2014_ppc64le.whl", hash = "sha256:c2fe5c910f6007e716a06d269608d307b4f36e7babee5f36533722660e8c4a70", size = 249100 },
    { url = "https://files.pythonhosted.org/packages/f1/eb/13090e05bf6b963fc1653cdc922133ced467cb4b8dab53158db5a37aa21e/propcache-0.3.1-cp312-cp312-manylinux_2_17_s390x.manylinux2014_s390x.whl", hash = "sha256:a0ab8cf8cdd2194f8ff979a43ab43049b1df0b37aa64ab7eca04ac14429baeb7", size = 250170 },
    { url = "https://files.pythonhosted.org/packages/3b/4c/f72c9e1022b3b043ec7dc475a0f405d4c3e10b9b1d378a7330fecf0652da/propcache-0.3.1-cp312-cp312-manylinux_2_17_x86_64.manylinux2014_x86_64.whl", hash = "sha256:563f9d8c03ad645597b8d010ef4e9eab359faeb11a0a2ac9f7b4bc8c28ebef25", size = 245000 },
    { url = "https://files.pythonhosted.org/packages/e8/fd/970ca0e22acc829f1adf5de3724085e778c1ad8a75bec010049502cb3a86/propcache-0.3.1-cp312-cp312-manylinux_2_5_i686.manylinux1_i686.manylinux_2_17_i686.manylinux2014_i686.whl", hash = "sha256:fb6e0faf8cb6b4beea5d6ed7b5a578254c6d7df54c36ccd3d8b3eb00d6770277", size = 230262 },
    { url = "https://files.pythonhosted.org/packages/c4/42/817289120c6b9194a44f6c3e6b2c3277c5b70bbad39e7df648f177cc3634/propcache-0.3.1-cp312-cp312-musllinux_1_2_aarch64.whl", hash = "sha256:1c5c7ab7f2bb3f573d1cb921993006ba2d39e8621019dffb1c5bc94cdbae81e8", size = 236772 },
    { url = "https://files.pythonhosted.org/packages/7c/9c/3b3942b302badd589ad6b672da3ca7b660a6c2f505cafd058133ddc73918/propcache-0.3.1-cp312-cp312-musllinux_1_2_armv7l.whl", hash = "sha256:050b571b2e96ec942898f8eb46ea4bfbb19bd5502424747e83badc2d4a99a44e", size = 231133 },
    { url = "https://files.pythonhosted.org/packages/98/a1/75f6355f9ad039108ff000dfc2e19962c8dea0430da9a1428e7975cf24b2/propcache-0.3.1-cp312-cp312-musllinux_1_2_i686.whl", hash = "sha256:e1c4d24b804b3a87e9350f79e2371a705a188d292fd310e663483af6ee6718ee", size = 230741 },
    { url = "https://files.pythonhosted.org/packages/67/0c/3e82563af77d1f8731132166da69fdfd95e71210e31f18edce08a1eb11ea/propcache-0.3.1-cp312-cp312-musllinux_1_2_ppc64le.whl", hash = "sha256:e4fe2a6d5ce975c117a6bb1e8ccda772d1e7029c1cca1acd209f91d30fa72815", size = 244047 },
    { url = "https://files.pythonhosted.org/packages/f7/50/9fb7cca01532a08c4d5186d7bb2da6c4c587825c0ae134b89b47c7d62628/propcache-0.3.1-cp312-cp312-musllinux_1_2_s390x.whl", hash = "sha256:feccd282de1f6322f56f6845bf1207a537227812f0a9bf5571df52bb418d79d5", size = 246467 },
    { url = "https://files.pythonhosted.org/packages/a9/02/ccbcf3e1c604c16cc525309161d57412c23cf2351523aedbb280eb7c9094/propcache-0.3.1-cp312-cp312-musllinux_1_2_x86_64.whl", hash = "sha256:ec314cde7314d2dd0510c6787326bbffcbdc317ecee6b7401ce218b3099075a7", size = 241022 },
    { url = "https://files.pythonhosted.org/packages/db/19/e777227545e09ca1e77a6e21274ae9ec45de0f589f0ce3eca2a41f366220/propcache-0.3.1-cp312-cp312-win32.whl", hash = "sha256:7d2d5a0028d920738372630870e7d9644ce437142197f8c827194fca404bf03b", size = 40647 },
    { url = "https://files.pythonhosted.org/packages/24/bb/3b1b01da5dd04c77a204c84e538ff11f624e31431cfde7201d9110b092b1/propcache-0.3.1-cp312-cp312-win_amd64.whl", hash = "sha256:88c423efef9d7a59dae0614eaed718449c09a5ac79a5f224a8b9664d603f04a3", size = 44784 },
    { url = "https://files.pythonhosted.org/packages/58/60/f645cc8b570f99be3cf46714170c2de4b4c9d6b827b912811eff1eb8a412/propcache-0.3.1-cp313-cp313-macosx_10_13_universal2.whl", hash = "sha256:f1528ec4374617a7a753f90f20e2f551121bb558fcb35926f99e3c42367164b8", size = 77865 },
    { url = "https://files.pythonhosted.org/packages/6f/d4/c1adbf3901537582e65cf90fd9c26fde1298fde5a2c593f987112c0d0798/propcache-0.3.1-cp313-cp313-macosx_10_13_x86_64.whl", hash = "sha256:dc1915ec523b3b494933b5424980831b636fe483d7d543f7afb7b3bf00f0c10f", size = 45452 },
    { url = "https://files.pythonhosted.org/packages/d1/b5/fe752b2e63f49f727c6c1c224175d21b7d1727ce1d4873ef1c24c9216830/propcache-0.3.1-cp313-cp313-macosx_11_0_arm64.whl", hash = "sha256:a110205022d077da24e60b3df8bcee73971be9575dec5573dd17ae5d81751111", size = 44800 },
    { url = "https://files.pythonhosted.org/packages/62/37/fc357e345bc1971e21f76597028b059c3d795c5ca7690d7a8d9a03c9708a/propcache-0.3.1-cp313-cp313-manylinux_2_17_aarch64.manylinux2014_aarch64.whl", hash = "sha256:d249609e547c04d190e820d0d4c8ca03ed4582bcf8e4e160a6969ddfb57b62e5", size = 225804 },
    { url = "https://files.pythonhosted.org/packages/0d/f1/16e12c33e3dbe7f8b737809bad05719cff1dccb8df4dafbcff5575002c0e/propcache-0.3.1-cp313-cp313-manylinux_2_17_ppc64le.manylinux2014_ppc64le.whl", hash = "sha256:5ced33d827625d0a589e831126ccb4f5c29dfdf6766cac441d23995a65825dcb", size = 230650 },
    { url = "https://files.pythonhosted.org/packages/3e/a2/018b9f2ed876bf5091e60153f727e8f9073d97573f790ff7cdf6bc1d1fb8/propcache-0.3.1-cp313-cp313-manylinux_2_17_s390x.manylinux2014_s390x.whl", hash = "sha256:4114c4ada8f3181af20808bedb250da6bae56660e4b8dfd9cd95d4549c0962f7", size = 234235 },
    { url = "https://files.pythonhosted.org/packages/45/5f/3faee66fc930dfb5da509e34c6ac7128870631c0e3582987fad161fcb4b1/propcache-0.3.1-cp313-cp313-manylinux_2_17_x86_64.manylinux2014_x86_64.whl", hash = "sha256:975af16f406ce48f1333ec5e912fe11064605d5c5b3f6746969077cc3adeb120", size = 228249 },
    { url = "https://files.pythonhosted.org/packages/62/1e/a0d5ebda5da7ff34d2f5259a3e171a94be83c41eb1e7cd21a2105a84a02e/propcache-0.3.1-cp313-cp313-manylinux_2_5_i686.manylinux1_i686.manylinux_2_17_i686.manylinux2014_i686.whl", hash = "sha256:a34aa3a1abc50740be6ac0ab9d594e274f59960d3ad253cd318af76b996dd654", size = 214964 },
    { url = "https://files.pythonhosted.org/packages/db/a0/d72da3f61ceab126e9be1f3bc7844b4e98c6e61c985097474668e7e52152/propcache-0.3.1-cp313-cp313-musllinux_1_2_aarch64.whl", hash = "sha256:9cec3239c85ed15bfaded997773fdad9fb5662b0a7cbc854a43f291eb183179e", size = 222501 },
    { url = "https://files.pythonhosted.org/packages/18/6d/a008e07ad7b905011253adbbd97e5b5375c33f0b961355ca0a30377504ac/propcache-0.3.1-cp313-cp313-musllinux_1_2_armv7l.whl", hash = "sha256:05543250deac8e61084234d5fc54f8ebd254e8f2b39a16b1dce48904f45b744b", size = 217917 },
    { url = "https://files.pythonhosted.org/packages/98/37/02c9343ffe59e590e0e56dc5c97d0da2b8b19fa747ebacf158310f97a79a/propcache-0.3.1-cp313-cp313-musllinux_1_2_i686.whl", hash = "sha256:5cb5918253912e088edbf023788de539219718d3b10aef334476b62d2b53de53", size = 217089 },
    { url = "https://files.pythonhosted.org/packages/53/1b/d3406629a2c8a5666d4674c50f757a77be119b113eedd47b0375afdf1b42/propcache-0.3.1-cp313-cp313-musllinux_1_2_ppc64le.whl", hash = "sha256:f3bbecd2f34d0e6d3c543fdb3b15d6b60dd69970c2b4c822379e5ec8f6f621d5", size = 228102 },
    { url = "https://files.pythonhosted.org/packages/cd/a7/3664756cf50ce739e5f3abd48febc0be1a713b1f389a502ca819791a6b69/propcache-0.3.1-cp313-cp313-musllinux_1_2_s390x.whl", hash = "sha256:aca63103895c7d960a5b9b044a83f544b233c95e0dcff114389d64d762017af7", size = 230122 },
    { url = "https://files.pythonhosted.org/packages/35/36/0bbabaacdcc26dac4f8139625e930f4311864251276033a52fd52ff2a274/propcache-0.3.1-cp313-cp313-musllinux_1_2_x86_64.whl", hash = "sha256:5a0a9898fdb99bf11786265468571e628ba60af80dc3f6eb89a3545540c6b0ef", size = 226818 },
    { url = "https://files.pythonhosted.org/packages/cc/27/4e0ef21084b53bd35d4dae1634b6d0bad35e9c58ed4f032511acca9d4d26/propcache-0.3.1-cp313-cp313-win32.whl", hash = "sha256:3a02a28095b5e63128bcae98eb59025924f121f048a62393db682f049bf4ac24", size = 40112 },
    { url = "https://files.pythonhosted.org/packages/a6/2c/a54614d61895ba6dd7ac8f107e2b2a0347259ab29cbf2ecc7b94fa38c4dc/propcache-0.3.1-cp313-cp313-win_amd64.whl", hash = "sha256:813fbb8b6aea2fc9659815e585e548fe706d6f663fa73dff59a1677d4595a037", size = 44034 },
    { url = "https://files.pythonhosted.org/packages/5a/a8/0a4fd2f664fc6acc66438370905124ce62e84e2e860f2557015ee4a61c7e/propcache-0.3.1-cp313-cp313t-macosx_10_13_universal2.whl", hash = "sha256:a444192f20f5ce8a5e52761a031b90f5ea6288b1eef42ad4c7e64fef33540b8f", size = 82613 },
    { url = "https://files.pythonhosted.org/packages/4d/e5/5ef30eb2cd81576256d7b6caaa0ce33cd1d2c2c92c8903cccb1af1a4ff2f/propcache-0.3.1-cp313-cp313t-macosx_10_13_x86_64.whl", hash = "sha256:0fbe94666e62ebe36cd652f5fc012abfbc2342de99b523f8267a678e4dfdee3c", size = 47763 },
    { url = "https://files.pythonhosted.org/packages/87/9a/87091ceb048efeba4d28e903c0b15bcc84b7c0bf27dc0261e62335d9b7b8/propcache-0.3.1-cp313-cp313t-macosx_11_0_arm64.whl", hash = "sha256:f011f104db880f4e2166bcdcf7f58250f7a465bc6b068dc84c824a3d4a5c94dc", size = 47175 },
    { url = "https://files.pythonhosted.org/packages/3e/2f/854e653c96ad1161f96194c6678a41bbb38c7947d17768e8811a77635a08/propcache-0.3.1-cp313-cp313t-manylinux_2_17_aarch64.manylinux2014_aarch64.whl", hash = "sha256:3e584b6d388aeb0001d6d5c2bd86b26304adde6d9bb9bfa9c4889805021b96de", size = 292265 },
    { url = "https://files.pythonhosted.org/packages/40/8d/090955e13ed06bc3496ba4a9fb26c62e209ac41973cb0d6222de20c6868f/propcache-0.3.1-cp313-cp313t-manylinux_2_17_ppc64le.manylinux2014_ppc64le.whl", hash = "sha256:8a17583515a04358b034e241f952f1715243482fc2c2945fd99a1b03a0bd77d6", size = 294412 },
    { url = "https://files.pythonhosted.org/packages/39/e6/d51601342e53cc7582449e6a3c14a0479fab2f0750c1f4d22302e34219c6/propcache-0.3.1-cp313-cp313t-manylinux_2_17_s390x.manylinux2014_s390x.whl", hash = "sha256:5aed8d8308215089c0734a2af4f2e95eeb360660184ad3912686c181e500b2e7", size = 294290 },
    { url = "https://files.pythonhosted.org/packages/3b/4d/be5f1a90abc1881884aa5878989a1acdafd379a91d9c7e5e12cef37ec0d7/propcache-0.3.1-cp313-cp313t-manylinux_2_17_x86_64.manylinux2014_x86_64.whl", hash = "sha256:6d8e309ff9a0503ef70dc9a0ebd3e69cf7b3894c9ae2ae81fc10943c37762458", size = 282926 },
    { url = "https://files.pythonhosted.org/packages/57/2b/8f61b998c7ea93a2b7eca79e53f3e903db1787fca9373af9e2cf8dc22f9d/propcache-0.3.1-cp313-cp313t-manylinux_2_5_i686.manylinux1_i686.manylinux_2_17_i686.manylinux2014_i686.whl", hash = "sha256:b655032b202028a582d27aeedc2e813299f82cb232f969f87a4fde491a233f11", size = 267808 },
    { url = "https://files.pythonhosted.org/packages/11/1c/311326c3dfce59c58a6098388ba984b0e5fb0381ef2279ec458ef99bd547/propcache-0.3.1-cp313-cp313t-musllinux_1_2_aarch64.whl", hash = "sha256:9f64d91b751df77931336b5ff7bafbe8845c5770b06630e27acd5dbb71e1931c", size = 290916 },
    { url = "https://files.pythonhosted.org/packages/4b/74/91939924b0385e54dc48eb2e4edd1e4903ffd053cf1916ebc5347ac227f7/propcache-0.3.1-cp313-cp313t-musllinux_1_2_armv7l.whl", hash = "sha256:19a06db789a4bd896ee91ebc50d059e23b3639c25d58eb35be3ca1cbe967c3bf", size = 262661 },
    { url = "https://files.pythonhosted.org/packages/c2/d7/e6079af45136ad325c5337f5dd9ef97ab5dc349e0ff362fe5c5db95e2454/propcache-0.3.1-cp313-cp313t-musllinux_1_2_i686.whl", hash = "sha256:bef100c88d8692864651b5f98e871fb090bd65c8a41a1cb0ff2322db39c96c27", size = 264384 },
    { url = "https://files.pythonhosted.org/packages/b7/d5/ba91702207ac61ae6f1c2da81c5d0d6bf6ce89e08a2b4d44e411c0bbe867/propcache-0.3.1-cp313-cp313t-musllinux_1_2_ppc64le.whl", hash = "sha256:87380fb1f3089d2a0b8b00f006ed12bd41bd858fabfa7330c954c70f50ed8757", size = 291420 },
    { url = "https://files.pythonhosted.org/packages/58/70/2117780ed7edcd7ba6b8134cb7802aada90b894a9810ec56b7bb6018bee7/propcache-0.3.1-cp313-cp313t-musllinux_1_2_s390x.whl", hash = "sha256:e474fc718e73ba5ec5180358aa07f6aded0ff5f2abe700e3115c37d75c947e18", size = 290880 },
    { url = "https://files.pythonhosted.org/packages/4a/1f/ecd9ce27710021ae623631c0146719280a929d895a095f6d85efb6a0be2e/propcache-0.3.1-cp313-cp313t-musllinux_1_2_x86_64.whl", hash = "sha256:17d1c688a443355234f3c031349da69444be052613483f3e4158eef751abcd8a", size = 287407 },
    { url = "https://files.pythonhosted.org/packages/3e/66/2e90547d6b60180fb29e23dc87bd8c116517d4255240ec6d3f7dc23d1926/propcache-0.3.1-cp313-cp313t-win32.whl", hash = "sha256:359e81a949a7619802eb601d66d37072b79b79c2505e6d3fd8b945538411400d", size = 42573 },
    { url = "https://files.pythonhosted.org/packages/cb/8f/50ad8599399d1861b4d2b6b45271f0ef6af1b09b0a2386a46dbaf19c9535/propcache-0.3.1-cp313-cp313t-win_amd64.whl", hash = "sha256:e7fb9a84c9abbf2b2683fa3e7b0d7da4d8ecf139a1c635732a8bda29c5214b0e", size = 46757 },
    { url = "https://files.pythonhosted.org/packages/b8/d3/c3cb8f1d6ae3b37f83e1de806713a9b3642c5895f0215a62e1a4bd6e5e34/propcache-0.3.1-py3-none-any.whl", hash = "sha256:9a8ecf38de50a7f518c21568c80f985e776397b902f1ce0b01f799aba1608b40", size = 12376 },
]

[[package]]
name = "yarl"
version = "1.18.3"
source = { registry = "https://pypi.org/simple" }
dependencies = [
    { name = "idna" },
    { name = "multidict" },
    { name = "propcache" },
]
sdist = { url = "https://files.pythonhosted.org/packages/b7/9d/4b94a8e6d2b51b599516a5cb88e5bc99b4d8d4583e468057eaa29d5f0918/yarl-1.18.3.tar.gz", hash = "sha256:ac1801c45cbf77b6c99242eeff4fffb5e4e73a800b5c4ad4fc0be5def634d2e1", size = 181062 }
wheels = [
    { url = "https://files.pythonhosted.org/packages/33/85/bd2e2729752ff4c77338e0102914897512e92496375e079ce0150a6dc306/yarl-1.18.3-cp312-cp312-macosx_10_13_universal2.whl", hash = "sha256:1dd4bdd05407ced96fed3d7f25dbbf88d2ffb045a0db60dbc247f5b3c5c25d50", size = 142644 },
    { url = "https://files.pythonhosted.org/packages/ff/74/1178322cc0f10288d7eefa6e4a85d8d2e28187ccab13d5b844e8b5d7c88d/yarl-1.18.3-cp312-cp312-macosx_10_13_x86_64.whl", hash = "sha256:7c33dd1931a95e5d9a772d0ac5e44cac8957eaf58e3c8da8c1414de7dd27c576", size = 94962 },
    { url = "https://files.pythonhosted.org/packages/be/75/79c6acc0261e2c2ae8a1c41cf12265e91628c8c58ae91f5ff59e29c0787f/yarl-1.18.3-cp312-cp312-macosx_11_0_arm64.whl", hash = "sha256:25b411eddcfd56a2f0cd6a384e9f4f7aa3efee14b188de13048c25b5e91f1640", size = 92795 },
    { url = "https://files.pythonhosted.org/packages/6b/32/927b2d67a412c31199e83fefdce6e645247b4fb164aa1ecb35a0f9eb2058/yarl-1.18.3-cp312-cp312-manylinux_2_17_aarch64.manylinux2014_aarch64.whl", hash = "sha256:436c4fc0a4d66b2badc6c5fc5ef4e47bb10e4fd9bf0c79524ac719a01f3607c2", size = 332368 },
    { url = "https://files.pythonhosted.org/packages/19/e5/859fca07169d6eceeaa4fde1997c91d8abde4e9a7c018e371640c2da2b71/yarl-1.18.3-cp312-cp312-manylinux_2_17_ppc64le.manylinux2014_ppc64le.whl", hash = "sha256:e35ef8683211db69ffe129a25d5634319a677570ab6b2eba4afa860f54eeaf75", size = 342314 },
    { url = "https://files.pythonhosted.org/packages/08/75/76b63ccd91c9e03ab213ef27ae6add2e3400e77e5cdddf8ed2dbc36e3f21/yarl-1.18.3-cp312-cp312-manylinux_2_17_s390x.manylinux2014_s390x.whl", hash = "sha256:84b2deecba4a3f1a398df819151eb72d29bfeb3b69abb145a00ddc8d30094512", size = 341987 },
    { url = "https://files.pythonhosted.org/packages/1a/e1/a097d5755d3ea8479a42856f51d97eeff7a3a7160593332d98f2709b3580/yarl-1.18.3-cp312-cp312-manylinux_2_17_x86_64.manylinux2014_x86_64.whl", hash = "sha256:00e5a1fea0fd4f5bfa7440a47eff01d9822a65b4488f7cff83155a0f31a2ecba", size = 336914 },
    { url = "https://files.pythonhosted.org/packages/0b/42/e1b4d0e396b7987feceebe565286c27bc085bf07d61a59508cdaf2d45e63/yarl-1.18.3-cp312-cp312-manylinux_2_5_i686.manylinux1_i686.manylinux_2_17_i686.manylinux2014_i686.whl", hash = "sha256:d0e883008013c0e4aef84dcfe2a0b172c4d23c2669412cf5b3371003941f72bb", size = 325765 },
    { url = "https://files.pythonhosted.org/packages/7e/18/03a5834ccc9177f97ca1bbb245b93c13e58e8225276f01eedc4cc98ab820/yarl-1.18.3-cp312-cp312-musllinux_1_2_aarch64.whl", hash = "sha256:5a3f356548e34a70b0172d8890006c37be92995f62d95a07b4a42e90fba54272", size = 344444 },
    { url = "https://files.pythonhosted.org/packages/c8/03/a713633bdde0640b0472aa197b5b86e90fbc4c5bc05b727b714cd8a40e6d/yarl-1.18.3-cp312-cp312-musllinux_1_2_armv7l.whl", hash = "sha256:ccd17349166b1bee6e529b4add61727d3f55edb7babbe4069b5764c9587a8cc6", size = 340760 },
    { url = "https://files.pythonhosted.org/packages/eb/99/f6567e3f3bbad8fd101886ea0276c68ecb86a2b58be0f64077396cd4b95e/yarl-1.18.3-cp312-cp312-musllinux_1_2_i686.whl", hash = "sha256:b958ddd075ddba5b09bb0be8a6d9906d2ce933aee81100db289badbeb966f54e", size = 346484 },
    { url = "https://files.pythonhosted.org/packages/8e/a9/84717c896b2fc6cb15bd4eecd64e34a2f0a9fd6669e69170c73a8b46795a/yarl-1.18.3-cp312-cp312-musllinux_1_2_ppc64le.whl", hash = "sha256:c7d79f7d9aabd6011004e33b22bc13056a3e3fb54794d138af57f5ee9d9032cb", size = 359864 },
    { url = "https://files.pythonhosted.org/packages/1e/2e/d0f5f1bef7ee93ed17e739ec8dbcb47794af891f7d165fa6014517b48169/yarl-1.18.3-cp312-cp312-musllinux_1_2_s390x.whl", hash = "sha256:4891ed92157e5430874dad17b15eb1fda57627710756c27422200c52d8a4e393", size = 364537 },
    { url = "https://files.pythonhosted.org/packages/97/8a/568d07c5d4964da5b02621a517532adb8ec5ba181ad1687191fffeda0ab6/yarl-1.18.3-cp312-cp312-musllinux_1_2_x86_64.whl", hash = "sha256:ce1af883b94304f493698b00d0f006d56aea98aeb49d75ec7d98cd4a777e9285", size = 357861 },
    { url = "https://files.pythonhosted.org/packages/7d/e3/924c3f64b6b3077889df9a1ece1ed8947e7b61b0a933f2ec93041990a677/yarl-1.18.3-cp312-cp312-win32.whl", hash = "sha256:f91c4803173928a25e1a55b943c81f55b8872f0018be83e3ad4938adffb77dd2", size = 84097 },
    { url = "https://files.pythonhosted.org/packages/34/45/0e055320daaabfc169b21ff6174567b2c910c45617b0d79c68d7ab349b02/yarl-1.18.3-cp312-cp312-win_amd64.whl", hash = "sha256:7e2ee16578af3b52ac2f334c3b1f92262f47e02cc6193c598502bd46f5cd1477", size = 90399 },
    { url = "https://files.pythonhosted.org/packages/30/c7/c790513d5328a8390be8f47be5d52e141f78b66c6c48f48d241ca6bd5265/yarl-1.18.3-cp313-cp313-macosx_10_13_universal2.whl", hash = "sha256:90adb47ad432332d4f0bc28f83a5963f426ce9a1a8809f5e584e704b82685dcb", size = 140789 },
    { url = "https://files.pythonhosted.org/packages/30/aa/a2f84e93554a578463e2edaaf2300faa61c8701f0898725842c704ba5444/yarl-1.18.3-cp313-cp313-macosx_10_13_x86_64.whl", hash = "sha256:913829534200eb0f789d45349e55203a091f45c37a2674678744ae52fae23efa", size = 94144 },
    { url = "https://files.pythonhosted.org/packages/c6/fc/d68d8f83714b221a85ce7866832cba36d7c04a68fa6a960b908c2c84f325/yarl-1.18.3-cp313-cp313-macosx_11_0_arm64.whl", hash = "sha256:ef9f7768395923c3039055c14334ba4d926f3baf7b776c923c93d80195624782", size = 91974 },
    { url = "https://files.pythonhosted.org/packages/56/4e/d2563d8323a7e9a414b5b25341b3942af5902a2263d36d20fb17c40411e2/yarl-1.18.3-cp313-cp313-manylinux_2_17_aarch64.manylinux2014_aarch64.whl", hash = "sha256:88a19f62ff30117e706ebc9090b8ecc79aeb77d0b1f5ec10d2d27a12bc9f66d0", size = 333587 },
    { url = "https://files.pythonhosted.org/packages/25/c9/cfec0bc0cac8d054be223e9f2c7909d3e8442a856af9dbce7e3442a8ec8d/yarl-1.18.3-cp313-cp313-manylinux_2_17_ppc64le.manylinux2014_ppc64le.whl", hash = "sha256:e17c9361d46a4d5addf777c6dd5eab0715a7684c2f11b88c67ac37edfba6c482", size = 344386 },
    { url = "https://files.pythonhosted.org/packages/ab/5d/4c532190113b25f1364d25f4c319322e86232d69175b91f27e3ebc2caf9a/yarl-1.18.3-cp313-cp313-manylinux_2_17_s390x.manylinux2014_s390x.whl", hash = "sha256:1a74a13a4c857a84a845505fd2d68e54826a2cd01935a96efb1e9d86c728e186", size = 345421 },
    { url = "https://files.pythonhosted.org/packages/23/d1/6cdd1632da013aa6ba18cee4d750d953104a5e7aac44e249d9410a972bf5/yarl-1.18.3-cp313-cp313-manylinux_2_17_x86_64.manylinux2014_x86_64.whl", hash = "sha256:41f7ce59d6ee7741af71d82020346af364949314ed3d87553763a2df1829cc58", size = 339384 },
    { url = "https://files.pythonhosted.org/packages/9a/c4/6b3c39bec352e441bd30f432cda6ba51681ab19bb8abe023f0d19777aad1/yarl-1.18.3-cp313-cp313-manylinux_2_5_i686.manylinux1_i686.manylinux_2_17_i686.manylinux2014_i686.whl", hash = "sha256:f52a265001d830bc425f82ca9eabda94a64a4d753b07d623a9f2863fde532b53", size = 326689 },
    { url = "https://files.pythonhosted.org/packages/23/30/07fb088f2eefdc0aa4fc1af4e3ca4eb1a3aadd1ce7d866d74c0f124e6a85/yarl-1.18.3-cp313-cp313-musllinux_1_2_aarch64.whl", hash = "sha256:82123d0c954dc58db301f5021a01854a85bf1f3bb7d12ae0c01afc414a882ca2", size = 345453 },
    { url = "https://files.pythonhosted.org/packages/63/09/d54befb48f9cd8eec43797f624ec37783a0266855f4930a91e3d5c7717f8/yarl-1.18.3-cp313-cp313-musllinux_1_2_armv7l.whl", hash = "sha256:2ec9bbba33b2d00999af4631a3397d1fd78290c48e2a3e52d8dd72db3a067ac8", size = 341872 },
    { url = "https://files.pythonhosted.org/packages/91/26/fd0ef9bf29dd906a84b59f0cd1281e65b0c3e08c6aa94b57f7d11f593518/yarl-1.18.3-cp313-cp313-musllinux_1_2_i686.whl", hash = "sha256:fbd6748e8ab9b41171bb95c6142faf068f5ef1511935a0aa07025438dd9a9bc1", size = 347497 },
    { url = "https://files.pythonhosted.org/packages/d9/b5/14ac7a256d0511b2ac168d50d4b7d744aea1c1aa20c79f620d1059aab8b2/yarl-1.18.3-cp313-cp313-musllinux_1_2_ppc64le.whl", hash = "sha256:877d209b6aebeb5b16c42cbb377f5f94d9e556626b1bfff66d7b0d115be88d0a", size = 359981 },
    { url = "https://files.pythonhosted.org/packages/ca/b3/d493221ad5cbd18bc07e642894030437e405e1413c4236dd5db6e46bcec9/yarl-1.18.3-cp313-cp313-musllinux_1_2_s390x.whl", hash = "sha256:b464c4ab4bfcb41e3bfd3f1c26600d038376c2de3297760dfe064d2cb7ea8e10", size = 366229 },
    { url = "https://files.pythonhosted.org/packages/04/56/6a3e2a5d9152c56c346df9b8fb8edd2c8888b1e03f96324d457e5cf06d34/yarl-1.18.3-cp313-cp313-musllinux_1_2_x86_64.whl", hash = "sha256:8d39d351e7faf01483cc7ff7c0213c412e38e5a340238826be7e0e4da450fdc8", size = 360383 },
    { url = "https://files.pythonhosted.org/packages/fd/b7/4b3c7c7913a278d445cc6284e59b2e62fa25e72758f888b7a7a39eb8423f/yarl-1.18.3-cp313-cp313-win32.whl", hash = "sha256:61ee62ead9b68b9123ec24bc866cbef297dd266175d53296e2db5e7f797f902d", size = 310152 },
    { url = "https://files.pythonhosted.org/packages/f5/d5/688db678e987c3e0fb17867970700b92603cadf36c56e5fb08f23e822a0c/yarl-1.18.3-cp313-cp313-win_amd64.whl", hash = "sha256:578e281c393af575879990861823ef19d66e2b1d0098414855dd367e234f5b3c", size = 315723 },
    { url = "https://files.pythonhosted.org/packages/f5/4b/a06e0ec3d155924f77835ed2d167ebd3b211a7b0853da1cf8d8414d784ef/yarl-1.18.3-py3-none-any.whl", hash = "sha256:b57f4f58099328dfb26c6a771d09fb20dbbae81d20cfb66141251ea063bd101b", size = 45109 },
]
